
Microsoft Visual Studio Solution File, Format Version 12.00
# Visual Studio Version 16
VisualStudioVersion = 16.0.31402.337
MinimumVisualStudioVersion = 10.0.40219.1
Project("{FAE04EC0-301F-11D3-BF4B-00C04F79EFBC}") = "SocketServer", "SocketServer\SocketServer.csproj", "{5B93922C-67BF-421C-9DF2-4208CCE6BB59}"
EndProject
Global
	GlobalSection(SolutionConfigurationPlatforms) = preSolution
		Debug|Any CPU = Debug|Any CPU
		Release|Any CPU = Release|Any CPU
	EndGlobalSection
	GlobalSection(ProjectConfigurationPlatforms) = postSolution
		{5B93922C-67BF-421C-9DF2-4208CCE6BB59}.Debug|Any CPU.ActiveCfg = Debug|Any CPU
		{5B93922C-67BF-421C-9DF2-4208CCE6BB59}.Debug|Any CPU.Build.0 = Debug|Any CPU
		{5B93922C-67BF-421C-9DF2-4208CCE6BB59}.Release|Any CPU.ActiveCfg = Release|Any CPU
		{5B93922C-67BF-421C-9DF2-4208CCE6BB59}.Release|Any CPU.Build.0 = Release|Any CPU
	EndGlobalSection
	GlobalSection(SolutionProperties) = preSolution
		HideSolutionNode = FALSE
	EndGlobalSection
	GlobalSection(ExtensibilityGlobals) = postSolution
		SolutionGuid = {85EAF38F-D801-401B-BAAD-0FA6033E82DC}
	EndGlobalSection
EndGlobal
